
Microsoft Visual Studio Solution File, Format Version 12.00
# Visual Studio Version 17
VisualStudioVersion = 17.1.32228.430
MinimumVisualStudioVersion = 10.0.40219.1
Project("{2150E333-8FDC-42A3-9474-1A3956D46DE8}") = "1 - Presentation", "1 - Presentation", "{68891955-06B3-49D6-AFA0-09F8344D353E}"
EndProject
Project("{2150E333-8FDC-42A3-9474-1A3956D46DE8}") = "2 - Application", "2 - Application", "{71510B30-69EE-403A-BAA4-ADF5256F4FDE}"
EndProject
Project("{2150E333-8FDC-42A3-9474-1A3956D46DE8}") = "3 - Domain", "3 - Domain", "{94AC3F12-0167-4150-8E26-16DDF01EBBCE}"
EndProject
Project("{2150E333-8FDC-42A3-9474-1A3956D46DE8}") = "4 - Infra", "4 - Infra", "{EFE1829A-E445-4762-B0DA-2AB41A166AFB}"
EndProject
Project("{2150E333-8FDC-42A3-9474-1A3956D46DE8}") = "5 -  Entities", "5 -  Entities", "{93A6A988-933E-4EA8-BFA6-B5EB17DCBB54}"
EndProject
Project("{2150E333-8FDC-42A3-9474-1A3956D46DE8}") = "6 - Test", "6 - Test", "{CCFB951A-3F8D-4804-8D1A-18D3490822A9}"
EndProject
Project("{2150E333-8FDC-42A3-9474-1A3956D46DE8}") = "7- Help", "7- Help", "{E407BD98-4904-41FC-B296-7651EA078573}"
EndProject
Project("{9A19103F-16F7-4668-BE54-9A1E7A4F7556}") = "Entities", "Entities\Entities.csproj", "{33203608-9D5A-4F4A-8C87-6B03B8C6C27A}"
EndProject
Project("{9A19103F-16F7-4668-BE54-9A1E7A4F7556}") = "WebEmpresaX", "WebEmpresaX\WebEmpresaX.csproj", "{2F87552A-91C7-43F2-A0BA-BFD764EE164B}"
EndProject
Project("{FAE04EC0-301F-11D3-BF4B-00C04F79EFBC}") = "Infrastructure", "Infrastructure\Infrastructure.csproj", "{A95682A6-2CFD-4BF1-BF44-02EB1EC2FA8E}"
EndProject
Project("{FAE04EC0-301F-11D3-BF4B-00C04F79EFBC}") = "Domain", "Domain\Domain.csproj", "{06CB86DC-E182-4A01-8BE2-E6AFFD30D3CD}"
EndProject
Project("{FAE04EC0-301F-11D3-BF4B-00C04F79EFBC}") = "HelpConfig", "HelpConfig\HelpConfig.csproj", "{CEB56F6A-ADEF-4AD1-8C57-DD68C18C4D3F}"
EndProject
Global
	GlobalSection(SolutionConfigurationPlatforms) = preSolution
		Debug|Any CPU = Debug|Any CPU
		Release|Any CPU = Release|Any CPU
	EndGlobalSection
	GlobalSection(ProjectConfigurationPlatforms) = postSolution
		{33203608-9D5A-4F4A-8C87-6B03B8C6C27A}.Debug|Any CPU.ActiveCfg = Debug|Any CPU
		{33203608-9D5A-4F4A-8C87-6B03B8C6C27A}.Debug|Any CPU.Build.0 = Debug|Any CPU
		{33203608-9D5A-4F4A-8C87-6B03B8C6C27A}.Release|Any CPU.ActiveCfg = Release|Any CPU
		{33203608-9D5A-4F4A-8C87-6B03B8C6C27A}.Release|Any CPU.Build.0 = Release|Any CPU
		{2F87552A-91C7-43F2-A0BA-BFD764EE164B}.Debug|Any CPU.ActiveCfg = Debug|Any CPU
		{2F87552A-91C7-43F2-A0BA-BFD764EE164B}.Debug|Any CPU.Build.0 = Debug|Any CPU
		{2F87552A-91C7-43F2-A0BA-BFD764EE164B}.Release|Any CPU.ActiveCfg = Release|Any CPU
		{2F87552A-91C7-43F2-A0BA-BFD764EE164B}.Release|Any CPU.Build.0 = Release|Any CPU
		{A95682A6-2CFD-4BF1-BF44-02EB1EC2FA8E}.Debug|Any CPU.ActiveCfg = Debug|Any CPU
		{A95682A6-2CFD-4BF1-BF44-02EB1EC2FA8E}.Debug|Any CPU.Build.0 = Debug|Any CPU
		{A95682A6-2CFD-4BF1-BF44-02EB1EC2FA8E}.Release|Any CPU.ActiveCfg = Release|Any CPU
		{A95682A6-2CFD-4BF1-BF44-02EB1EC2FA8E}.Release|Any CPU.Build.0 = Release|Any CPU
		{06CB86DC-E182-4A01-8BE2-E6AFFD30D3CD}.Debug|Any CPU.ActiveCfg = Debug|Any CPU
		{06CB86DC-E182-4A01-8BE2-E6AFFD30D3CD}.Debug|Any CPU.Build.0 = Debug|Any CPU
		{06CB86DC-E182-4A01-8BE2-E6AFFD30D3CD}.Release|Any CPU.ActiveCfg = Release|Any CPU
		{06CB86DC-E182-4A01-8BE2-E6AFFD30D3CD}.Release|Any CPU.Build.0 = Release|Any CPU
		{CEB56F6A-ADEF-4AD1-8C57-DD68C18C4D3F}.Debug|Any CPU.ActiveCfg = Debug|Any CPU
		{CEB56F6A-ADEF-4AD1-8C57-DD68C18C4D3F}.Debug|Any CPU.Build.0 = Debug|Any CPU
		{CEB56F6A-ADEF-4AD1-8C57-DD68C18C4D3F}.Release|Any CPU.ActiveCfg = Release|Any CPU
		{CEB56F6A-ADEF-4AD1-8C57-DD68C18C4D3F}.Release|Any CPU.Build.0 = Release|Any CPU
	EndGlobalSection
	GlobalSection(SolutionProperties) = preSolution
		HideSolutionNode = FALSE
	EndGlobalSection
	GlobalSection(NestedProjects) = preSolution
		{33203608-9D5A-4F4A-8C87-6B03B8C6C27A} = {93A6A988-933E-4EA8-BFA6-B5EB17DCBB54}
		{2F87552A-91C7-43F2-A0BA-BFD764EE164B} = {68891955-06B3-49D6-AFA0-09F8344D353E}
		{A95682A6-2CFD-4BF1-BF44-02EB1EC2FA8E} = {EFE1829A-E445-4762-B0DA-2AB41A166AFB}
		{06CB86DC-E182-4A01-8BE2-E6AFFD30D3CD} = {94AC3F12-0167-4150-8E26-16DDF01EBBCE}
		{CEB56F6A-ADEF-4AD1-8C57-DD68C18C4D3F} = {E407BD98-4904-41FC-B296-7651EA078573}
	EndGlobalSection
	GlobalSection(ExtensibilityGlobals) = postSolution
		SolutionGuid = {A4361F3E-A0E2-46DC-9305-CFB3014B7778}
	EndGlobalSection
EndGlobal
